version = 1
requires-python = ">=3.12"

[[package]]
name = "certifi"
version = "2024.2.2"
source = { registry = "https://download.pytorch.org/whl/nightly/rocm6.2" }
wheels = [
    { url = "https://download.pytorch.org/whl/nightly/certifi-2024.2.2-py3-none-any.whl" },
]

[[package]]
name = "charset-normalizer"
version = "3.3.2"
source = { registry = "https://download.pytorch.org/whl/nightly/rocm6.2" }
wheels = [
    { url = "https://download.pytorch.org/whl/nightly/charset_normalizer-3.3.2-cp312-cp312-macosx_10_9_universal2.whl" },
    { url = "https://download.pytorch.org/whl/nightly/charset_normalizer-3.3.2-cp312-cp312-macosx_10_9_x86_64.whl" },
    { url = "https://download.pytorch.org/whl/nightly/charset_normalizer-3.3.2-cp312-cp312-macosx_11_0_arm64.whl" },
    { url = "https://download.pytorch.org/whl/nightly/charset_normalizer-3.3.2-cp312-cp312-manylinux_2_17_aarch64.manylinux2014_aarch64.whl" },
    { url = "https://download.pytorch.org/whl/nightly/charset_normalizer-3.3.2-cp312-cp312-manylinux_2_17_ppc64le.manylinux2014_ppc64le.whl" },
    { url = "https://download.pytorch.org/whl/nightly/charset_normalizer-3.3.2-cp312-cp312-manylinux_2_17_s390x.manylinux2014_s390x.whl" },
    { url = "https://download.pytorch.org/whl/nightly/charset_normalizer-3.3.2-cp312-cp312-manylinux_2_17_x86_64.manylinux2014_x86_64.whl" },
    { url = "https://download.pytorch.org/whl/nightly/charset_normalizer-3.3.2-cp312-cp312-manylinux_2_5_i686.manylinux1_i686.manylinux_2_17_i686.manylinux2014_i686.whl" },
    { url = "https://download.pytorch.org/whl/nightly/charset_normalizer-3.3.2-cp312-cp312-win_amd64.whl" },
    { url = "https://download.pytorch.org/whl/nightly/charset_normalizer-3.3.2-py3-none-any.whl" },
]

[[package]]
name = "colorama"
version = "0.4.6"
source = { registry = "https://download.pytorch.org/whl/nightly/rocm6.2" }
wheels = [
    { url = "https://download.pytorch.org/whl/nightly/colorama-0.4.6-py2.py3-none-any.whl" },
]

[[package]]
name = "filelock"
version = "3.13.1"
source = { registry = "https://download.pytorch.org/whl/nightly/rocm6.2" }
wheels = [
    { url = "https://download.pytorch.org/whl/nightly/filelock-3.13.1-py3-none-any.whl" },
]

[[package]]
name = "fsspec"
version = "2024.6.1"
source = { registry = "https://download.pytorch.org/whl/nightly/rocm6.2" }
wheels = [
    { url = "https://download.pytorch.org/whl/nightly/fsspec-2024.6.1-py3-none-any.whl" },
]

[[package]]
name = "idna"
version = "3.7"
source = { registry = "https://download.pytorch.org/whl/nightly/rocm6.2" }
wheels = [
    { url = "https://download.pytorch.org/whl/nightly/idna-3.7-py3-none-any.whl" },
]

[[package]]
name = "jinja2"
version = "3.1.4"
source = { registry = "https://download.pytorch.org/whl/nightly/rocm6.2" }
dependencies = [
    { name = "markupsafe" },
]
wheels = [
    { url = "https://download.pytorch.org/whl/nightly/Jinja2-3.1.4-py3-none-any.whl" },
]

[[package]]
name = "llvmlite"
version = "0.43.0"
source = { registry = "https://pypi.org/simple" }
sdist = { url = "https://files.pythonhosted.org/packages/9f/3d/f513755f285db51ab363a53e898b85562e950f79a2e6767a364530c2f645/llvmlite-0.43.0.tar.gz", hash = "sha256:ae2b5b5c3ef67354824fb75517c8db5fbe93bc02cd9671f3c62271626bc041d5", size = 157069 }
wheels = [
    { url = "https://files.pythonhosted.org/packages/0b/67/9443509e5d2b6d8587bae3ede5598fa8bd586b1c7701696663ea8af15b5b/llvmlite-0.43.0-cp312-cp312-macosx_10_9_x86_64.whl", hash = "sha256:f99b600aa7f65235a5a05d0b9a9f31150c390f31261f2a0ba678e26823ec38f7", size = 31064409 },
    { url = "https://files.pythonhosted.org/packages/a2/9c/24139d3712d2d352e300c39c0e00d167472c08b3bd350c3c33d72c88ff8d/llvmlite-0.43.0-cp312-cp312-macosx_11_0_arm64.whl", hash = "sha256:35d80d61d0cda2d767f72de99450766250560399edc309da16937b93d3b676e7", size = 28793145 },
    { url = "https://files.pythonhosted.org/packages/bf/f1/4c205a48488e574ee9f6505d50e84370a978c90f08dab41a42d8f2c576b6/llvmlite-0.43.0-cp312-cp312-manylinux_2_17_aarch64.manylinux2014_aarch64.whl", hash = "sha256:eccce86bba940bae0d8d48ed925f21dbb813519169246e2ab292b5092aba121f", size = 42857276 },
    { url = "https://files.pythonhosted.org/packages/00/5f/323c4d56e8401c50185fd0e875fcf06b71bf825a863699be1eb10aa2a9cb/llvmlite-0.43.0-cp312-cp312-manylinux_2_17_x86_64.manylinux2014_x86_64.whl", hash = "sha256:df6509e1507ca0760787a199d19439cc887bfd82226f5af746d6977bd9f66844", size = 43871781 },
    { url = "https://files.pythonhosted.org/packages/c6/94/dea10e263655ce78d777e78d904903faae39d1fc440762be4a9dc46bed49/llvmlite-0.43.0-cp312-cp312-win_amd64.whl", hash = "sha256:7a2872ee80dcf6b5dbdc838763d26554c2a18aa833d31a2635bff16aafefb9c9", size = 28107442 },
]

[[package]]
name = "markupsafe"
version = "2.1.5"
source = { registry = "https://download.pytorch.org/whl/nightly/rocm6.2" }
sdist = { url = "https://download.pytorch.org/whl/nightly/MarkupSafe-2.1.5.tar.gz" }
wheels = [
    { url = "https://download.pytorch.org/whl/nightly/MarkupSafe-2.1.5-cp312-cp312-macosx_10_9_universal2.whl" },
    { url = "https://download.pytorch.org/whl/nightly/MarkupSafe-2.1.5-cp312-cp312-macosx_10_9_x86_64.whl" },
    { url = "https://download.pytorch.org/whl/nightly/MarkupSafe-2.1.5-cp312-cp312-manylinux_2_17_aarch64.manylinux2014_aarch64.whl" },
    { url = "https://download.pytorch.org/whl/nightly/MarkupSafe-2.1.5-cp312-cp312-manylinux_2_17_x86_64.manylinux2014_x86_64.whl" },
    { url = "https://download.pytorch.org/whl/nightly/MarkupSafe-2.1.5-cp312-cp312-manylinux_2_5_i686.manylinux1_i686.manylinux_2_17_i686.manylinux2014_i686.whl" },
    { url = "https://download.pytorch.org/whl/nightly/MarkupSafe-2.1.5-cp312-cp312-win_amd64.whl" },
]

[[package]]
name = "more-itertools"
version = "10.5.0"
source = { registry = "https://pypi.org/simple" }
sdist = { url = "https://files.pythonhosted.org/packages/51/78/65922308c4248e0eb08ebcbe67c95d48615cc6f27854b6f2e57143e9178f/more-itertools-10.5.0.tar.gz", hash = "sha256:5482bfef7849c25dc3c6dd53a6173ae4795da2a41a80faea6700d9f5846c5da6", size = 121020 }
wheels = [
    { url = "https://files.pythonhosted.org/packages/48/7e/3a64597054a70f7c86eb0a7d4fc315b8c1ab932f64883a297bdffeb5f967/more_itertools-10.5.0-py3-none-any.whl", hash = "sha256:037b0d3203ce90cca8ab1defbbdac29d5f993fc20131f3664dc8d6acfa872aef", size = 60952 },
]

[[package]]
name = "mpmath"
version = "1.3.0"
source = { registry = "https://download.pytorch.org/whl/nightly/rocm6.2" }
wheels = [
    { url = "https://download.pytorch.org/whl/nightly/mpmath-1.3.0-py3-none-any.whl" },
]

[[package]]
name = "networkx"
version = "3.3"
source = { registry = "https://download.pytorch.org/whl/nightly/rocm6.2" }
wheels = [
    { url = "https://download.pytorch.org/whl/nightly/networkx-3.3-py3-none-any.whl" },
]

[[package]]
name = "numba"
version = "0.60.0"
source = { registry = "https://pypi.org/simple" }
dependencies = [
    { name = "llvmlite" },
    { name = "numpy" },
]
sdist = { url = "https://files.pythonhosted.org/packages/3c/93/2849300a9184775ba274aba6f82f303343669b0592b7bb0849ea713dabb0/numba-0.60.0.tar.gz", hash = "sha256:5df6158e5584eece5fc83294b949fd30b9f1125df7708862205217e068aabf16", size = 2702171 }
wheels = [
    { url = "https://files.pythonhosted.org/packages/eb/5c/b5ec752c475e78a6c3676b67c514220dbde2725896bbb0b6ec6ea54b2738/numba-0.60.0-cp312-cp312-macosx_10_9_x86_64.whl", hash = "sha256:d7da4098db31182fc5ffe4bc42c6f24cd7d1cb8a14b59fd755bfee32e34b8404", size = 2647866 },
    { url = "https://files.pythonhosted.org/packages/65/42/39559664b2e7c15689a638c2a38b3b74c6e69a04e2b3019b9f7742479188/numba-0.60.0-cp312-cp312-macosx_11_0_arm64.whl", hash = "sha256:38d6ea4c1f56417076ecf8fc327c831ae793282e0ff51080c5094cb726507b1c", size = 2650208 },
    { url = "https://files.pythonhosted.org/packages/67/88/c4459ccc05674ef02119abf2888ccd3e2fed12a323f52255f4982fc95876/numba-0.60.0-cp312-cp312-manylinux2014_aarch64.manylinux_2_17_aarch64.whl", hash = "sha256:62908d29fb6a3229c242e981ca27e32a6e606cc253fc9e8faeb0e48760de241e", size = 3466946 },
    { url = "https://files.pythonhosted.org/packages/8b/41/ac11cf33524def12aa5bd698226ae196a1185831c05ed29dc0c56eaa308b/numba-0.60.0-cp312-cp312-manylinux2014_x86_64.manylinux_2_17_x86_64.whl", hash = "sha256:0ebaa91538e996f708f1ab30ef4d3ddc344b64b5227b67a57aa74f401bb68b9d", size = 3761463 },
    { url = "https://files.pythonhosted.org/packages/ca/bd/0fe29fcd1b6a8de479a4ed25c6e56470e467e3611c079d55869ceef2b6d1/numba-0.60.0-cp312-cp312-win_amd64.whl", hash = "sha256:f75262e8fe7fa96db1dca93d53a194a38c46da28b112b8a4aca168f0df860347", size = 2707588 },
]

[[package]]
name = "numpy"
version = "1.26.4"
source = { registry = "https://download.pytorch.org/whl/nightly/rocm6.2" }
wheels = [
    { url = "https://download.pytorch.org/whl/nightly/numpy-1.26.4-cp312-cp312-macosx_10_9_x86_64.whl" },
    { url = "https://download.pytorch.org/whl/nightly/numpy-1.26.4-cp312-cp312-macosx_11_0_arm64.whl" },
    { url = "https://download.pytorch.org/whl/nightly/numpy-1.26.4-cp312-cp312-manylinux_2_17_aarch64.manylinux2014_aarch64.whl" },
    { url = "https://download.pytorch.org/whl/nightly/numpy-1.26.4-cp312-cp312-manylinux_2_17_x86_64.manylinux2014_x86_64.whl" },
    { url = "https://download.pytorch.org/whl/nightly/numpy-1.26.4-cp312-cp312-win_amd64.whl" },
]

[[package]]
name = "pytorch-triton-rocm"
version = "3.0.0+21eae954ef"
source = { registry = "https://download.pytorch.org/whl/nightly/rocm6.2" }
dependencies = [
    { name = "filelock" },
]
wheels = [
    { url = "https://download.pytorch.org/whl/nightly/pytorch_triton_rocm-3.0.0%2B21eae954ef-cp312-cp312-linux_x86_64.whl" },
]

[[package]]
name = "regex"
version = "2024.4.16"
source = { registry = "https://download.pytorch.org/whl/nightly/rocm6.2" }
wheels = [
    { url = "https://download.pytorch.org/whl/nightly/regex-2024.4.16-cp312-cp312-macosx_10_9_universal2.whl" },
    { url = "https://download.pytorch.org/whl/nightly/regex-2024.4.16-cp312-cp312-macosx_10_9_x86_64.whl" },
    { url = "https://download.pytorch.org/whl/nightly/regex-2024.4.16-cp312-cp312-macosx_11_0_arm64.whl" },
    { url = "https://download.pytorch.org/whl/nightly/regex-2024.4.16-cp312-cp312-manylinux_2_17_aarch64.manylinux2014_aarch64.whl" },
    { url = "https://download.pytorch.org/whl/nightly/regex-2024.4.16-cp312-cp312-manylinux_2_17_ppc64le.manylinux2014_ppc64le.whl" },
    { url = "https://download.pytorch.org/whl/nightly/regex-2024.4.16-cp312-cp312-manylinux_2_17_s390x.manylinux2014_s390x.whl" },
    { url = "https://download.pytorch.org/whl/nightly/regex-2024.4.16-cp312-cp312-manylinux_2_17_x86_64.manylinux2014_x86_64.whl" },
    { url = "https://download.pytorch.org/whl/nightly/regex-2024.4.16-cp312-cp312-manylinux_2_5_i686.manylinux1_i686.manylinux_2_17_i686.manylinux2014_i686.whl" },
    { url = "https://download.pytorch.org/whl/nightly/regex-2024.4.16-cp312-cp312-win_amd64.whl" },
]

[[package]]
name = "requests"
version = "2.31.0"
source = { registry = "https://download.pytorch.org/whl/nightly/rocm6.2" }
dependencies = [
    { name = "certifi" },
    { name = "charset-normalizer" },
    { name = "idna" },
    { name = "urllib3" },
]
wheels = [
    { url = "https://download.pytorch.org/whl/nightly/requests-2.31.0-py3-none-any.whl" },
]

[[package]]
name = "setuptools"
version = "70.2.0"
source = { registry = "https://download.pytorch.org/whl/nightly/rocm6.2" }
wheels = [
    { url = "https://download.pytorch.org/whl/nightly/setuptools-70.2.0-py3-none-any.whl" },
]

[[package]]
name = "sympy"
version = "1.13.1"
source = { registry = "https://download.pytorch.org/whl/nightly/rocm6.2" }
dependencies = [
    { name = "mpmath" },
]
wheels = [
    { url = "https://download.pytorch.org/whl/nightly/sympy-1.13.1-py3-none-any.whl" },
]

[[package]]
name = "tiktoken"
version = "0.6.0"
source = { registry = "https://download.pytorch.org/whl/nightly/rocm6.2" }
dependencies = [
    { name = "regex" },
    { name = "requests" },
]
wheels = [
    { url = "https://download.pytorch.org/whl/nightly/tiktoken-0.6.0-cp312-cp312-macosx_10_9_x86_64.whl" },
    { url = "https://download.pytorch.org/whl/nightly/tiktoken-0.6.0-cp312-cp312-macosx_11_0_arm64.whl" },
    { url = "https://download.pytorch.org/whl/nightly/tiktoken-0.6.0-cp312-cp312-manylinux_2_17_aarch64.manylinux2014_aarch64.whl" },
    { url = "https://download.pytorch.org/whl/nightly/tiktoken-0.6.0-cp312-cp312-manylinux_2_17_x86_64.manylinux2014_x86_64.whl" },
    { url = "https://download.pytorch.org/whl/nightly/tiktoken-0.6.0-cp312-cp312-win_amd64.whl" },
]

[[package]]
name = "torch"
version = "2.5.0.dev20240905+rocm6.2"
source = { registry = "https://download.pytorch.org/whl/nightly/rocm6.2" }
dependencies = [
    { name = "filelock" },
    { name = "fsspec" },
    { name = "jinja2" },
    { name = "networkx" },
    { name = "pytorch-triton-rocm", marker = "python_full_version < '3.13' and platform_machine == 'x86_64' and platform_system == 'Linux'" },
    { name = "setuptools" },
    { name = "sympy" },
    { name = "typing-extensions" },
]
wheels = [
    { url = "https://download.pytorch.org/whl/nightly/rocm6.2/torch-2.5.0.dev20240905%2Brocm6.2-cp312-cp312-linux_x86_64.whl" },
]

[[package]]
name = "tqdm"
version = "4.66.2"
source = { registry = "https://download.pytorch.org/whl/nightly/rocm6.2" }
dependencies = [
    { name = "colorama", marker = "platform_system == 'Windows'" },
]
wheels = [
    { url = "https://download.pytorch.org/whl/nightly/tqdm-4.66.2-py3-none-any.whl" },
]

[[package]]
name = "typing-extensions"
version = "4.12.2"
source = { registry = "https://download.pytorch.org/whl/nightly/rocm6.2" }
wheels = [
    { url = "https://download.pytorch.org/whl/nightly/typing_extensions-4.12.2-py3-none-any.whl" },
]

[[package]]
name = "urllib3"
version = "2.2.1"
source = { registry = "https://download.pytorch.org/whl/nightly/rocm6.2" }
wheels = [
    { url = "https://download.pytorch.org/whl/nightly/urllib3-2.2.1-py3-none-any.whl" },
]

[[package]]
name = "whisper"
version = "0.1.0"
source = { editable = "." }
dependencies = [
    { name = "more-itertools" },
    { name = "numba" },
    { name = "numpy" },
    { name = "pytorch-triton-rocm" },
    { name = "tiktoken" },
    { name = "torch" },
    { name = "tqdm" },
]

[package.metadata]
requires-dist = [
    { name = "more-itertools", specifier = ">=10.5.0" },
    { name = "numba", specifier = ">=0.60.0" },
    { name = "numpy", specifier = ">=1.26.4" },
    { name = "pytorch-triton-rocm", specifier = ">=3.0.0" },
    { name = "tiktoken", specifier = ">=0.6.0" },
    { name = "torch", specifier = ">=2.5.0.dev20240905" },
    { name = "tqdm", specifier = ">=4.66.2" },
]
